// !$*UTF8*$!
{
	archiveVersion = 1;
	classes = {
	};
	objectVersion = 46;
	objects = {

/* Begin PBXBuildFile section */
		3C053A1B1F7AEBC7003F373A /* AppDelegate.swift in Sources */ = {isa = PBXBuildFile; fileRef = 3C053A1A1F7AEBC7003F373A /* AppDelegate.swift */; };
		3C053A1D1F7AEBC7003F373A /* MainVC.swift in Sources */ = {isa = PBXBuildFile; fileRef = 3C053A1C1F7AEBC7003F373A /* MainVC.swift */; };
		3C053A201F7AEBC7003F373A /* Main.storyboard in Resources */ = {isa = PBXBuildFile; fileRef = 3C053A1E1F7AEBC7003F373A /* Main.storyboard */; };
		3C053A221F7AEBC7003F373A /* Assets.xcassets in Resources */ = {isa = PBXBuildFile; fileRef = 3C053A211F7AEBC7003F373A /* Assets.xcassets */; };
		3C053A251F7AEBC7003F373A /* LaunchScreen.storyboard in Resources */ = {isa = PBXBuildFile; fileRef = 3C053A231F7AEBC7003F373A /* LaunchScreen.storyboard */; };
		3C053A301F7AF776003F373A /* Hammerhead-Italic_21955.ttf in Resources */ = {isa = PBXBuildFile; fileRef = 3C053A2F1F7AF776003F373A /* Hammerhead-Italic_21955.ttf */; };
		3C053A331F7AF937003F373A /* VideoVC.swift in Sources */ = {isa = PBXBuildFile; fileRef = 3C053A321F7AF937003F373A /* VideoVC.swift */; };
		3C053A351F7B0547003F373A /* PartyCell.swift in Sources */ = {isa = PBXBuildFile; fileRef = 3C053A341F7B0547003F373A /* PartyCell.swift */; };
		3C053A371F7B06FC003F373A /* PartyRock.swift in Sources */ = {isa = PBXBuildFile; fileRef = 3C053A361F7B06FC003F373A /* PartyRock.swift */; };
/* End PBXBuildFile section */

/* Begin PBXFileReference section */
		3C053A171F7AEBC7003F373A /* PartyRockApp.app */ = {isa = PBXFileReference; explicitFileType = wrapper.application; includeInIndex = 0; path = PartyRockApp.app; sourceTree = BUILT_PRODUCTS_DIR; };
		3C053A1A1F7AEBC7003F373A /* AppDelegate.swift */ = {isa = PBXFileReference; lastKnownFileType = sourcecode.swift; path = AppDelegate.swift; sourceTree = "<group>"; };
		3C053A1C1F7AEBC7003F373A /* MainVC.swift */ = {isa = PBXFileReference; lastKnownFileType = sourcecode.swift; path = MainVC.swift; sourceTree = "<group>"; };
		3C053A1F1F7AEBC7003F373A /* Base */ = {isa = PBXFileReference; lastKnownFileType = file.storyboard; name = Base; path = Base.lproj/Main.storyboard; sourceTree = "<group>"; };
		3C053A211F7AEBC7003F373A /* Assets.xcassets */ = {isa = PBXFileReference; lastKnownFileType = folder.assetcatalog; path = Assets.xcassets; sourceTree = "<group>"; };
		3C053A241F7AEBC7003F373A /* Base */ = {isa = PBXFileReference; lastKnownFileType = file.storyboard; name = Base; path = Base.lproj/LaunchScreen.storyboard; sourceTree = "<group>"; };
		3C053A261F7AEBC7003F373A /* Info.plist */ = {isa = PBXFileReference; lastKnownFileType = text.plist.xml; path = Info.plist; sourceTree = "<group>"; };
		3C053A2F1F7AF776003F373A /* Hammerhead-Italic_21955.ttf */ = {isa = PBXFileReference; lastKnownFileType = file; path = "Hammerhead-Italic_21955.ttf"; sourceTree = "<group>"; };
		3C053A321F7AF937003F373A /* VideoVC.swift */ = {isa = PBXFileReference; fileEncoding = 4; lastKnownFileType = sourcecode.swift; path = VideoVC.swift; sourceTree = "<group>"; };
		3C053A341F7B0547003F373A /* PartyCell.swift */ = {isa = PBXFileReference; fileEncoding = 4; lastKnownFileType = sourcecode.swift; path = PartyCell.swift; sourceTree = "<group>"; };
		3C053A361F7B06FC003F373A /* PartyRock.swift */ = {isa = PBXFileReference; fileEncoding = 4; lastKnownFileType = sourcecode.swift; path = PartyRock.swift; sourceTree = "<group>"; };
/* End PBXFileReference section */

/* Begin PBXFrameworksBuildPhase section */
		3C053A141F7AEBC7003F373A /* Frameworks */ = {
			isa = PBXFrameworksBuildPhase;
			buildActionMask = 2147483647;
			files = (
			);
			runOnlyForDeploymentPostprocessing = 0;
		};
/* End PBXFrameworksBuildPhase section */

/* Begin PBXGroup section */
		3C053A0E1F7AEBC7003F373A = {
			isa = PBXGroup;
			children = (
				3C053A191F7AEBC7003F373A /* PartyRockApp */,
				3C053A181F7AEBC7003F373A /* Products */,
			);
			sourceTree = "<group>";
		};
		3C053A181F7AEBC7003F373A /* Products */ = {
			isa = PBXGroup;
			children = (
				3C053A171F7AEBC7003F373A /* PartyRockApp.app */,
			);
			name = Products;
			sourceTree = "<group>";
		};
		3C053A191F7AEBC7003F373A /* PartyRockApp */ = {
			isa = PBXGroup;
			children = (
				3C053A311F7AF784003F373A /* Files */,
				3C053A2D1F7AEC8C003F373A /* Model */,
				3C053A2E1F7AEC99003F373A /* View */,
				3C053A2C1F7AEC71003F373A /* Controller */,
				3C053A1A1F7AEBC7003F373A /* AppDelegate.swift */,
				3C053A1E1F7AEBC7003F373A /* Main.storyboard */,
				3C053A231F7AEBC7003F373A /* LaunchScreen.storyboard */,
				3C053A211F7AEBC7003F373A /* Assets.xcassets */,
				3C053A261F7AEBC7003F373A /* Info.plist */,
			);
			path = PartyRockApp;
			sourceTree = "<group>";
		};
		3C053A2C1F7AEC71003F373A /* Controller */ = {
			isa = PBXGroup;
			children = (
				3C053A1C1F7AEBC7003F373A /* MainVC.swift */,
				3C053A321F7AF937003F373A /* VideoVC.swift */,
			);
			name = Controller;
			sourceTree = "<group>";
		};
		3C053A2D1F7AEC8C003F373A /* Model */ = {
			isa = PBXGroup;
			children = (
				3C053A361F7B06FC003F373A /* PartyRock.swift */,
			);
			name = Model;
			sourceTree = "<group>";
		};
		3C053A2E1F7AEC99003F373A /* View */ = {
			isa = PBXGroup;
			children = (
				3C053A341F7B0547003F373A /* PartyCell.swift */,
			);
			name = View;
			sourceTree = "<group>";
		};
		3C053A311F7AF784003F373A /* Files */ = {
			isa = PBXGroup;
			children = (
				3C053A2F1F7AF776003F373A /* Hammerhead-Italic_21955.ttf */,
			);
			name = Files;
			sourceTree = "<group>";
		};
/* End PBXGroup section */

/* Begin PBXNativeTarget section */
		3C053A161F7AEBC7003F373A /* PartyRockApp */ = {
			isa = PBXNativeTarget;
			buildConfigurationList = 3C053A291F7AEBC7003F373A /* Build configuration list for PBXNativeTarget "PartyRockApp" */;
			buildPhases = (
				3C053A131F7AEBC7003F373A /* Sources */,
				3C053A141F7AEBC7003F373A /* Frameworks */,
				3C053A151F7AEBC7003F373A /* Resources */,
			);
			buildRules = (
			);
			dependencies = (
			);
			name = PartyRockApp;
			productName = PartyRockApp;
			productReference = 3C053A171F7AEBC7003F373A /* PartyRockApp.app */;
			productType = "com.apple.product-type.application";
		};
/* End PBXNativeTarget section */

/* Begin PBXProject section */
		3C053A0F1F7AEBC7003F373A /* Project object */ = {
			isa = PBXProject;
			attributes = {
				LastSwiftUpdateCheck = 0830;
				LastUpgradeCheck = 0830;
				ORGANIZATIONNAME = "Popcorn Labs";
				TargetAttributes = {
					3C053A161F7AEBC7003F373A = {
						CreatedOnToolsVersion = 8.3.3;
						DevelopmentTeam = T9Y97N7H43;
						ProvisioningStyle = Automatic;
					};
				};
			};
			buildConfigurationList = 3C053A121F7AEBC7003F373A /* Build configuration list for PBXProject "PartyRockApp" */;
			compatibilityVersion = "Xcode 3.2";
			developmentRegion = English;
			hasScannedForEncodings = 0;
			knownRegions = (
				en,
				Base,
			);
			mainGroup = 3C053A0E1F7AEBC7003F373A;
			productRefGroup = 3C053A181F7AEBC7003F373A /* Products */;
			projectDirPath = "";
			projectRoot = "";
			targets = (
				3C053A161F7AEBC7003F373A /* PartyRockApp */,
			);
		};
/* End PBXProject section */

/* Begin PBXResourcesBuildPhase section */
		3C053A151F7AEBC7003F373A /* Resources */ = {
			isa = PBXResourcesBuildPhase;
			buildActionMask = 2147483647;
			files = (
				3C053A251F7AEBC7003F373A /* LaunchScreen.storyboard in Resources */,
				3C053A221F7AEBC7003F373A /* Assets.xcassets in Resources */,
				3C053A201F7AEBC7003F373A /* Main.storyboard in Resources */,
				3C053A301F7AF776003F373A /* Hammerhead-Italic_21955.ttf in Resources */,
			);
			runOnlyForDeploymentPostprocessing = 0;
		};
/* End PBXResourcesBuildPhase section */

/* Begin PBXSourcesBuildPhase section */
		3C053A131F7AEBC7003F373A /* Sources */ = {
			isa = PBXSourcesBuildPhase;
			buildActionMask = 2147483647;
			files = (
				3C053A331F7AF937003F373A /* VideoVC.swift in Sources */,
				3C053A1D1F7AEBC7003F373A /* MainVC.swift in Sources */,
				3C053A371F7B06FC003F373A /* PartyRock.swift in Sources */,
				3C053A351F7B0547003F373A /* PartyCell.swift in Sources */,
				3C053A1B1F7AEBC7003F373A /* AppDelegate.swift in Sources */,
			);
			runOnlyForDeploymentPostprocessing = 0;
		};
/* End PBXSourcesBuildPhase section */

/* Begin PBXVariantGroup section */
		3C053A1E1F7AEBC7003F373A /* Main.storyboard */ = {
			isa = PBXVariantGroup;
			children = (
				3C053A1F1F7AEBC7003F373A /* Base */,
			);
			name = Main.storyboard;
			sourceTree = "<group>";
		};
		3C053A231F7AEBC7003F373A /* LaunchScreen.storyboard */ = {
			isa = PBXVariantGroup;
			children = (
				3C053A241F7AEBC7003F373A /* Base */,
			);
			name = LaunchScreen.storyboard;
			sourceTree = "<group>";
		};
/* End PBXVariantGroup section */

/* Begin XCBuildConfiguration section */
		3C053A271F7AEBC7003F373A /* Debug */ = {
			isa = XCBuildConfiguration;
			buildSettings = {
				ALWAYS_SEARCH_USER_PATHS = NO;
				CLANG_ANALYZER_NONNULL = YES;
				CLANG_ANALYZER_NUMBER_OBJECT_CONVERSION = YES_AGGRESSIVE;
				CLANG_CXX_LANGUAGE_STANDARD = "gnu++0x";
				CLANG_CXX_LIBRARY = "libc++";
				CLANG_ENABLE_MODULES = YES;
				CLANG_ENABLE_OBJC_ARC = YES;
				CLANG_WARN_BOOL_CONVERSION = YES;
				CLANG_WARN_CONSTANT_CONVERSION = YES;
				CLANG_WARN_DIRECT_OBJC_ISA_USAGE = YES_ERROR;
				CLANG_WARN_DOCUMENTATION_COMMENTS = YES;
				CLANG_WARN_EMPTY_BODY = YES;
				CLANG_WARN_ENUM_CONVERSION = YES;
				CLANG_WARN_INFINITE_RECURSION = YES;
				CLANG_WARN_INT_CONVERSION = YES;
				CLANG_WARN_OBJC_ROOT_CLASS = YES_ERROR;
				CLANG_WARN_SUSPICIOUS_MOVE = YES;
				CLANG_WARN_UNREACHABLE_CODE = YES;
				CLANG_WARN__DUPLICATE_METHOD_MATCH = YES;
				"CODE_SIGN_IDENTITY[sdk=iphoneos*]" = "iPhone Developer";
				COPY_PHASE_STRIP = NO;
				DEBUG_INFORMATION_FORMAT = dwarf;
				ENABLE_STRICT_OBJC_MSGSEND = YES;
				ENABLE_TESTABILITY = YES;
				GCC_C_LANGUAGE_STANDARD = gnu99;
				GCC_DYNAMIC_NO_PIC = NO;
				GCC_NO_COMMON_BLOCKS = YES;
				GCC_OPTIMIZATION_LEVEL = 0;
				GCC_PREPROCESSOR_DEFINITIONS = (
					"DEBUG=1",
					"$(inherited)",
				);
				GCC_WARN_64_TO_32_BIT_CONVERSION = YES;
				GCC_WARN_ABOUT_RETURN_TYPE = YES_ERROR;
				GCC_WARN_UNDECLARED_SELECTOR = YES;
				GCC_WARN_UNINITIALIZED_AUTOS = YES_AGGRESSIVE;
				GCC_WARN_UNUSED_FUNCTION = YES;
				GCC_WARN_UNUSED_VARIABLE = YES;
				IPHONEOS_DEPLOYMENT_TARGET = 10.3;
				MTL_ENABLE_DEBUG_INFO = YES;
				ONLY_ACTIVE_ARCH = YES;
				SDKROOT = iphoneos;
				SWIFT_ACTIVE_COMPILATION_CONDITIONS = DEBUG;
				SWIFT_OPTIMIZATION_LEVEL = "-Onone";
				TARGETED_DEVICE_FAMILY = "1,2";
			};
			name = Debug;
		};
		3C053A281F7AEBC7003F373A /* Release */ = {
			isa = XCBuildConfiguration;
			buildSettings = {
				ALWAYS_SEARCH_USER_PATHS = NO;
				CLANG_ANALYZER_NONNULL = YES;
				CLANG_ANALYZER_NUMBER_OBJECT_CONVERSION = YES_AGGRESSIVE;
				CLANG_CXX_LANGUAGE_STANDARD = "gnu++0x";
				CLANG_CXX_LIBRARY = "libc++";
				CLANG_ENABLE_MODULES = YES;
				CLANG_ENABLE_OBJC_ARC = YES;
				CLANG_WARN_BOOL_CONVERSION = YES;
				CLANG_WARN_CONSTANT_CONVERSION = YES;
				CLANG_WARN_DIRECT_OBJC_ISA_USAGE = YES_ERROR;
				CLANG_WARN_DOCUMENTATION_COMMENTS = YES;
				CLANG_WARN_EMPTY_BODY = YES;
				CLANG_WARN_ENUM_CONVERSION = YES;
				CLANG_WARN_INFINITE_RECURSION = YES;
				CLANG_WARN_INT_CONVERSION = YES;
				CLANG_WARN_OBJC_ROOT_CLASS = YES_ERROR;
				CLANG_WARN_SUSPICIOUS_MOVE = YES;
				CLANG_WARN_UNREACHABLE_CODE = YES;
				CLANG_WARN__DUPLICATE_METHOD_MATCH = YES;
				"CODE_SIGN_IDENTITY[sdk=iphoneos*]" = "iPhone Developer";
				COPY_PHASE_STRIP = NO;
				DEBUG_INFORMATION_FORMAT = "dwarf-with-dsym";
				ENABLE_NS_ASSERTIONS = NO;
				ENABLE_STRICT_OBJC_MSGSEND = YES;
				GCC_C_LANGUAGE_STANDARD = gnu99;
				GCC_NO_COMMON_BLOCKS = YES;
				GCC_WARN_64_TO_32_BIT_CONVERSION = YES;
				GCC_WARN_ABOUT_RETURN_TYPE = YES_ERROR;
				GCC_WARN_UNDECLARED_SELECTOR = YES;
				GCC_WARN_UNINITIALIZED_AUTOS = YES_AGGRESSIVE;
				GCC_WARN_UNUSED_FUNCTION = YES;
				GCC_WARN_UNUSED_VARIABLE = YES;
				IPHONEOS_DEPLOYMENT_TARGET = 10.3;
				MTL_ENABLE_DEBUG_INFO = NO;
				SDKROOT = iphoneos;
				SWIFT_OPTIMIZATION_LEVEL = "-Owholemodule";
				TARGETED_DEVICE_FAMILY = "1,2";
				VALIDATE_PRODUCT = YES;
			};
			name = Release;
		};
		3C053A2A1F7AEBC7003F373A /* Debug */ = {
			isa = XCBuildConfiguration;
			buildSettings = {
				ASSETCATALOG_COMPILER_APPICON_NAME = AppIcon;
				DEVELOPMENT_TEAM = T9Y97N7H43;
				INFOPLIST_FILE = PartyRockApp/Info.plist;
				LD_RUNPATH_SEARCH_PATHS = "$(inherited) @executable_path/Frameworks";
				PRODUCT_BUNDLE_IDENTIFIER = PopcornLabs.PartyRockApp;
				PRODUCT_NAME = "$(TARGET_NAME)";
				SWIFT_VERSION = 3.0;
			};
			name = Debug;
		};
		3C053A2B1F7AEBC7003F373A /* Release */ = {
			isa = XCBuildConfiguration;
			buildSettings = {
				ASSETCATALOG_COMPILER_APPICON_NAME = AppIcon;
				DEVELOPMENT_TEAM = T9Y97N7H43;
				INFOPLIST_FILE = PartyRockApp/Info.plist;
				LD_RUNPATH_SEARCH_PATHS = "$(inherited) @executable_path/Frameworks";
				PRODUCT_BUNDLE_IDENTIFIER = PopcornLabs.PartyRockApp;
				PRODUCT_NAME = "$(TARGET_NAME)";
				SWIFT_VERSION = 3.0;
			};
			name = Release;
		};
/* End XCBuildConfiguration section */

/* Begin XCConfigurationList section */
		3C053A121F7AEBC7003F373A /* Build configuration list for PBXProject "PartyRockApp" */ = {
			isa = XCConfigurationList;
			buildConfigurations = (
				3C053A271F7AEBC7003F373A /* Debug */,
				3C053A281F7AEBC7003F373A /* Release */,
			);
			defaultConfigurationIsVisible = 0;
			defaultConfigurationName = Release;
		};
		3C053A291F7AEBC7003F373A /* Build configuration list for PBXNativeTarget "PartyRockApp" */ = {
			isa = XCConfigurationList;
			buildConfigurations = (
				3C053A2A1F7AEBC7003F373A /* Debug */,
				3C053A2B1F7AEBC7003F373A /* Release */,
			);
			defaultConfigurationIsVisible = 0;
		};
/* End XCConfigurationList section */
	};
	rootObject = 3C053A0F1F7AEBC7003F373A /* Project object */;
}
